
Microsoft Visual Studio Solution File, Format Version 12.00
# Visual Studio Version 17
VisualStudioVersion = 17.9.34616.47
MinimumVisualStudioVersion = 10.0.40219.1
Project("{FAE04EC0-301F-11D3-BF4B-00C04F79EFBC}") = "API", "API\API.csproj", "{5FADEB63-36E7-45AE-A967-198D78F36844}"
EndProject
Project("{FAE04EC0-301F-11D3-BF4B-00C04F79EFBC}") = "App", "App\App.csproj", "{543861B9-AA33-4D2A-972E-DE7C1528D0AA}"
EndProject
Global
	GlobalSection(SolutionConfigurationPlatforms) = preSolution
		Debug|Any CPU = Debug|Any CPU
		Release|Any CPU = Release|Any CPU
	EndGlobalSection
	GlobalSection(ProjectConfigurationPlatforms) = postSolution
		{5FADEB63-36E7-45AE-A967-198D78F36844}.Debug|Any CPU.ActiveCfg = Debug|Any CPU
		{5FADEB63-36E7-45AE-A967-198D78F36844}.Debug|Any CPU.Build.0 = Debug|Any CPU
		{5FADEB63-36E7-45AE-A967-198D78F36844}.Release|Any CPU.ActiveCfg = Release|Any CPU
		{5FADEB63-36E7-45AE-A967-198D78F36844}.Release|Any CPU.Build.0 = Release|Any CPU
		{543861B9-AA33-4D2A-972E-DE7C1528D0AA}.Debug|Any CPU.ActiveCfg = Debug|Any CPU
		{543861B9-AA33-4D2A-972E-DE7C1528D0AA}.Debug|Any CPU.Build.0 = Debug|Any CPU
		{543861B9-AA33-4D2A-972E-DE7C1528D0AA}.Release|Any CPU.ActiveCfg = Release|Any CPU
		{543861B9-AA33-4D2A-972E-DE7C1528D0AA}.Release|Any CPU.Build.0 = Release|Any CPU
	EndGlobalSection
	GlobalSection(SolutionProperties) = preSolution
		HideSolutionNode = FALSE
	EndGlobalSection
	GlobalSection(ExtensibilityGlobals) = postSolution
		SolutionGuid = {CE2C13BE-C1CA-4F02-A015-144B3CB73424}
	EndGlobalSection
EndGlobal
